<?xml version="1.0" encoding="utf-8"?>
<Project ToolsVersion="4.0" xmlns="http://schemas.microsoft.com/developer/msbuild/2003">
  <ItemGroup>
    <Filter Include="소스 파일">
      <UniqueIdentifier>{4FC737F1-C7A5-4376-A066-2A32D752A2FF}</UniqueIdentifier>
      <Extensions>cpp;c;cc;cxx;c++;cppm;ixx;def;odl;idl;hpj;bat;asm;asmx</Extensions>
    </Filter>
    <Filter Include="헤더 파일">
      <UniqueIdentifier>{93995380-89BD-4b04-88EB-625FBE52EBFB}</UniqueIdentifier>
      <Extensions>h;hh;hpp;hxx;h++;hm;inl;inc;ipp;xsd</Extensions>
    </Filter>
    <Filter Include="리소스 파일">
      <UniqueIdentifier>{67DA6AB6-F800-4c08-8B7A-83BB121AAD01}</UniqueIdentifier>
      <Extensions>rc;ico;cur;bmp;dlg;rc2;rct;bin;rgs;gif;jpg;jpeg;jpe;resx;tiff;tif;png;wav;mfcribbon-ms</Extensions>
    </Filter>
    <Filter Include="MainApp">
      <UniqueIdentifier>{9642aa19-c1a9-4898-bdd4-db961b261e90}</UniqueIdentifier>
    </Filter>
    <Filter Include="System">
      <UniqueIdentifier>{a707b523-61f8-49ed-b124-eeaa6a4d6206}</UniqueIdentifier>
    </Filter>
    <Filter Include="Component">
      <UniqueIdentifier>{fd349105-1097-46d6-9380-f443097c38ab}</UniqueIdentifier>
    </Filter>
    <Filter Include="헤더 파일\Common">
      <UniqueIdentifier>{7af02648-c014-46f4-8a31-33e1ec21bf87}</UniqueIdentifier>
    </Filter>
    <Filter Include="헤더 파일\ETC">
      <UniqueIdentifier>{085fbfe5-1b1d-4385-8547-e1df031f52c0}</UniqueIdentifier>
    </Filter>
    <Filter Include="Mesh">
      <UniqueIdentifier>{27205401-2d86-4cc9-aee6-86376487a8b9}</UniqueIdentifier>
    </Filter>
    <Filter Include="Object">
      <UniqueIdentifier>{dc1e64b0-2382-41a6-bed6-b4d7df7e0494}</UniqueIdentifier>
    </Filter>
    <Filter Include="헤더 파일\Helper">
      <UniqueIdentifier>{8bc4696f-7b9a-4ce3-9c15-7159da04f34a}</UniqueIdentifier>
    </Filter>
    <Filter Include="Component\Component">
      <UniqueIdentifier>{7617cd31-aa08-4ab7-a5a3-2a2c2565ed8a}</UniqueIdentifier>
    </Filter>
    <Filter Include="Object\Object">
      <UniqueIdentifier>{8e069558-78c3-4719-ab49-e9a6b8ee694a}</UniqueIdentifier>
    </Filter>
    <Filter Include="Mesh\Mesh">
      <UniqueIdentifier>{4b77a89d-f5ae-4486-aa16-f2ba948da35c}</UniqueIdentifier>
    </Filter>
    <Filter Include="System\Physics">
      <UniqueIdentifier>{ff770a5d-fb53-4b40-a8f0-614d9bf8c539}</UniqueIdentifier>
    </Filter>
  </ItemGroup>
  <ItemGroup>
    <ClInclude Include="MainApp.h">
      <Filter>MainApp</Filter>
    </ClInclude>
    <ClInclude Include="GraphicDevice.h">
      <Filter>System</Filter>
    </ClInclude>
    <ClInclude Include="Transform.h">
      <Filter>Component</Filter>
    </ClInclude>
    <ClInclude Include="VIBuffer.h">
      <Filter>Component</Filter>
    </ClInclude>
    <ClInclude Include="Define.h">
      <Filter>헤더 파일\Common</Filter>
    </ClInclude>
    <ClInclude Include="Utils.h">
      <Filter>헤더 파일\Common</Filter>
    </ClInclude>
    <ClInclude Include="pch.h">
      <Filter>헤더 파일\Common</Filter>
    </ClInclude>
    <ClInclude Include="framework.h">
      <Filter>헤더 파일\ETC</Filter>
    </ClInclude>
    <ClInclude Include="Resource.h">
      <Filter>헤더 파일\ETC</Filter>
    </ClInclude>
    <ClInclude Include="Simulation.h">
      <Filter>헤더 파일\ETC</Filter>
    </ClInclude>
    <ClInclude Include="targetver.h">
      <Filter>헤더 파일\ETC</Filter>
    </ClInclude>
    <ClInclude Include="Macro.h">
      <Filter>헤더 파일\Common</Filter>
    </ClInclude>
    <ClInclude Include="Sphere.h">
      <Filter>Mesh</Filter>
    </ClInclude>
    <ClInclude Include="Struct.h">
      <Filter>헤더 파일\Common</Filter>
    </ClInclude>
    <ClInclude Include="Player.h">
      <Filter>Object</Filter>
    </ClInclude>
    <ClInclude Include="Rigidbody.h">
      <Filter>Component</Filter>
    </ClInclude>
    <ClInclude Include="VectorHelper.h">
      <Filter>헤더 파일\Helper</Filter>
    </ClInclude>
    <ClInclude Include="MathHelper.h">
      <Filter>헤더 파일\Helper</Filter>
    </ClInclude>
    <ClInclude Include="Component.h">
      <Filter>Component\Component</Filter>
    </ClInclude>
    <ClInclude Include="Object.h">
      <Filter>Object\Object</Filter>
    </ClInclude>
    <ClInclude Include="Collider.h">
      <Filter>Component</Filter>
    </ClInclude>
    <ClInclude Include="CollisionDetector.h">
      <Filter>System</Filter>
    </ClInclude>
    <ClInclude Include="Enemy.h">
      <Filter>Object</Filter>
    </ClInclude>
    <ClInclude Include="InputSystem.h">
      <Filter>System</Filter>
    </ClInclude>
    <ClInclude Include="Input.h">
      <Filter>System</Filter>
    </ClInclude>
    <ClInclude Include="Mesh.h">
      <Filter>Mesh\Mesh</Filter>
    </ClInclude>
    <ClInclude Include="Plane.h">
      <Filter>Mesh</Filter>
    </ClInclude>
    <ClInclude Include="Ground.h">
      <Filter>Object</Filter>
    </ClInclude>
    <ClInclude Include="SphereCollider.h">
      <Filter>Component</Filter>
    </ClInclude>
    <ClInclude Include="PlaneCollider.h">
      <Filter>Component</Filter>
    </ClInclude>
    <ClInclude Include="Raycast.h">
      <Filter>System</Filter>
    </ClInclude>
    <ClInclude Include="Wall.h">
      <Filter>Object</Filter>
    </ClInclude>
    <ClInclude Include="Camera.h">
      <Filter>Object</Filter>
    </ClInclude>
    <ClInclude Include="Physics_Struct.h">
      <Filter>헤더 파일</Filter>
    </ClInclude>
    <ClInclude Include="Solver.h">
      <Filter>System</Filter>
    </ClInclude>
    <ClInclude Include="DebugHelper.h">
      <Filter>헤더 파일\Helper</Filter>
    </ClInclude>
    <ClInclude Include="SpringJoint.h">
      <Filter>Component</Filter>
    </ClInclude>
    <ClInclude Include="Anchor.h">
      <Filter>Object</Filter>
    </ClInclude>
    <ClInclude Include="FollowCamera.h">
      <Filter>Object</Filter>
    </ClInclude>
    <ClInclude Include="Rope.h">
      <Filter>Object</Filter>
    </ClInclude>
    <ClInclude Include="Management.h">
      <Filter>System</Filter>
    </ClInclude>
    <ClInclude Include="PhysicsWorld.h">
      <Filter>System\Physics</Filter>
    </ClInclude>
    <ClInclude Include="PhysicsUtil.h">
      <Filter>System\Physics</Filter>
    </ClInclude>
    <ClInclude Include="BoxCollider.h">
      <Filter>Component</Filter>
    </ClInclude>
    <ClInclude Include="Box.h">
      <Filter>Mesh</Filter>
    </ClInclude>
  </ItemGroup>
  <ItemGroup>
    <ClCompile Include="Simulation.cpp">
      <Filter>소스 파일</Filter>
    </ClCompile>
    <ClCompile Include="MainApp.cpp">
      <Filter>MainApp</Filter>
    </ClCompile>
    <ClCompile Include="pch.cpp">
      <Filter>소스 파일</Filter>
    </ClCompile>
    <ClCompile Include="GraphicDevice.cpp">
      <Filter>System</Filter>
    </ClCompile>
    <ClCompile Include="Transform.cpp">
      <Filter>Component</Filter>
    </ClCompile>
    <ClCompile Include="VIBuffer.cpp">
      <Filter>Component</Filter>
    </ClCompile>
    <ClCompile Include="Sphere.cpp">
      <Filter>Mesh</Filter>
    </ClCompile>
    <ClCompile Include="Player.cpp">
      <Filter>Object</Filter>
    </ClCompile>
    <ClCompile Include="Rigidbody.cpp">
      <Filter>Component</Filter>
    </ClCompile>
    <ClCompile Include="Component.cpp">
      <Filter>Component\Component</Filter>
    </ClCompile>
    <ClCompile Include="Object.cpp">
      <Filter>Object\Object</Filter>
    </ClCompile>
    <ClCompile Include="Collider.cpp">
      <Filter>Component</Filter>
    </ClCompile>
    <ClCompile Include="CollisionDetector.cpp">
      <Filter>System</Filter>
    </ClCompile>
    <ClCompile Include="Enemy.cpp">
      <Filter>Object</Filter>
    </ClCompile>
    <ClCompile Include="InputSystem.cpp">
      <Filter>System</Filter>
    </ClCompile>
    <ClCompile Include="Mesh.cpp">
      <Filter>Mesh\Mesh</Filter>
    </ClCompile>
    <ClCompile Include="Plane.cpp">
      <Filter>Mesh</Filter>
    </ClCompile>
    <ClCompile Include="Ground.cpp">
      <Filter>Object</Filter>
    </ClCompile>
    <ClCompile Include="SphereCollider.cpp">
      <Filter>Component</Filter>
    </ClCompile>
    <ClCompile Include="PlaneCollider.cpp">
      <Filter>Component</Filter>
    </ClCompile>
    <ClCompile Include="Raycast.cpp">
      <Filter>System</Filter>
    </ClCompile>
    <ClCompile Include="Wall.cpp">
      <Filter>Object</Filter>
    </ClCompile>
    <ClCompile Include="Camera.cpp">
      <Filter>Object</Filter>
    </ClCompile>
    <ClCompile Include="Solver.cpp">
      <Filter>System</Filter>
    </ClCompile>
    <ClCompile Include="SpringJoint.cpp">
      <Filter>Component</Filter>
    </ClCompile>
    <ClCompile Include="Anchor.cpp">
      <Filter>Object</Filter>
    </ClCompile>
    <ClCompile Include="FollowCamera.cpp">
      <Filter>Object</Filter>
    </ClCompile>
    <ClCompile Include="Rope.cpp">
      <Filter>Object</Filter>
    </ClCompile>
    <ClCompile Include="Management.cpp">
      <Filter>System</Filter>
    </ClCompile>
    <ClCompile Include="PhysicsWorld.cpp">
      <Filter>System\Physics</Filter>
    </ClCompile>
    <ClCompile Include="BoxCollider.cpp">
      <Filter>Component</Filter>
    </ClCompile>
    <ClCompile Include="Box.cpp">
      <Filter>Mesh</Filter>
    </ClCompile>
  </ItemGroup>
  <ItemGroup>
    <Image Include="small.ico">
      <Filter>리소스 파일</Filter>
    </Image>
    <Image Include="Simulation.ico">
      <Filter>리소스 파일</Filter>
    </Image>
  </ItemGroup>
  <ItemGroup>
    <ResourceCompile Include="Simulation.rc">
      <Filter>리소스 파일</Filter>
    </ResourceCompile>
  </ItemGroup>
</Project>